
Microsoft Visual Studio Solution File, Format Version 12.00
# Visual Studio Version 17
VisualStudioVersion = 17.1.32210.238
MinimumVisualStudioVersion = 10.0.40219.1
Project("{FAE04EC0-301F-11D3-BF4B-00C04F79EFBC}") = "QADTimeTabler", "QADTimeTabler\QADTimeTabler.csproj", "{D3A75693-BFB9-4447-B566-26C02CF46804}"
EndProject
Global
	GlobalSection(SolutionConfigurationPlatforms) = preSolution
		Debug|Any CPU = Debug|Any CPU
		Release|Any CPU = Release|Any CPU
	EndGlobalSection
	GlobalSection(ProjectConfigurationPlatforms) = postSolution
		{D3A75693-BFB9-4447-B566-26C02CF46804}.Debug|Any CPU.ActiveCfg = Debug|Any CPU
		{D3A75693-BFB9-4447-B566-26C02CF46804}.Debug|Any CPU.Build.0 = Debug|Any CPU
		{D3A75693-BFB9-4447-B566-26C02CF46804}.Release|Any CPU.ActiveCfg = Release|Any CPU
		{D3A75693-BFB9-4447-B566-26C02CF46804}.Release|Any CPU.Build.0 = Release|Any CPU
	EndGlobalSection
	GlobalSection(SolutionProperties) = preSolution
		HideSolutionNode = FALSE
	EndGlobalSection
	GlobalSection(ExtensibilityGlobals) = postSolution
		SolutionGuid = {202194CF-C9B1-4218-9552-D1D61665D75F}
	EndGlobalSection
EndGlobal
